
Microsoft Visual Studio Solution File, Format Version 12.00
# Visual Studio Version 16
VisualStudioVersion = 16.0.31321.278
MinimumVisualStudioVersion = 10.0.40219.1
Project("{FAE04EC0-301F-11D3-BF4B-00C04F79EFBC}") = "P+F_Interface", "P+F_Interface.csproj", "{6DD689AC-207B-4CEA-AD21-CEA3BB797DCF}"
EndProject
Global
	GlobalSection(SolutionConfigurationPlatforms) = preSolution
		Debug|Any CPU = Debug|Any CPU
		Release|Any CPU = Release|Any CPU
	EndGlobalSection
	GlobalSection(ProjectConfigurationPlatforms) = postSolution
		{6DD689AC-207B-4CEA-AD21-CEA3BB797DCF}.Debug|Any CPU.ActiveCfg = Debug|Any CPU
		{6DD689AC-207B-4CEA-AD21-CEA3BB797DCF}.Debug|Any CPU.Build.0 = Debug|Any CPU
		{6DD689AC-207B-4CEA-AD21-CEA3BB797DCF}.Release|Any CPU.ActiveCfg = Release|Any CPU
		{6DD689AC-207B-4CEA-AD21-CEA3BB797DCF}.Release|Any CPU.Build.0 = Release|Any CPU
	EndGlobalSection
	GlobalSection(SolutionProperties) = preSolution
		HideSolutionNode = FALSE
	EndGlobalSection
	GlobalSection(ExtensibilityGlobals) = postSolution
		SolutionGuid = {CF97451F-3084-4BD6-8EE6-8CDE38CB29C0}
	EndGlobalSection
EndGlobal
